
Microsoft Visual Studio Solution File, Format Version 12.00
# Visual Studio Version 16
VisualStudioVersion = 16.0.31424.327
MinimumVisualStudioVersion = 10.0.40219.1
Project("{2150E333-8FDC-42A3-9474-1A3956D46DE8}") = "Services", "Services", "{08C3F81B-CB22-46D5-B01B-F787A6FD6F9E}"
EndProject
Project("{2150E333-8FDC-42A3-9474-1A3956D46DE8}") = "Catalog", "Catalog", "{22AED1CD-E673-49B2-A097-9FD5CEACA7AD}"
EndProject
Project("{9A19103F-16F7-4668-BE54-9A1E7A4F7556}") = "Catalog.API", "Services\Catalog\Catalog.API\Catalog.API.csproj", "{6279B3AD-943C-460E-A6EE-9158FE18E258}"
EndProject
Project("{E53339B2-1760-4266-BCC7-CA923CBCF16C}") = "docker-compose", "docker-compose.dcproj", "{97F0F601-7A25-4002-978A-951267F25C82}"
EndProject
Project("{2150E333-8FDC-42A3-9474-1A3956D46DE8}") = "Basket", "Basket", "{848532A3-EE27-4E16-9849-5832E7D01C6A}"
EndProject
Project("{FAE04EC0-301F-11D3-BF4B-00C04F79EFBC}") = "Basket.API", "Services\Basket\Basket.API\Basket.API.csproj", "{AFBA20A4-5845-48A1-819F-2CCF112206F5}"
EndProject
Global
	GlobalSection(SolutionConfigurationPlatforms) = preSolution
		Debug|Any CPU = Debug|Any CPU
		Release|Any CPU = Release|Any CPU
	EndGlobalSection
	GlobalSection(ProjectConfigurationPlatforms) = postSolution
		{6279B3AD-943C-460E-A6EE-9158FE18E258}.Debug|Any CPU.ActiveCfg = Debug|Any CPU
		{6279B3AD-943C-460E-A6EE-9158FE18E258}.Debug|Any CPU.Build.0 = Debug|Any CPU
		{6279B3AD-943C-460E-A6EE-9158FE18E258}.Release|Any CPU.ActiveCfg = Release|Any CPU
		{6279B3AD-943C-460E-A6EE-9158FE18E258}.Release|Any CPU.Build.0 = Release|Any CPU
		{97F0F601-7A25-4002-978A-951267F25C82}.Debug|Any CPU.ActiveCfg = Debug|Any CPU
		{97F0F601-7A25-4002-978A-951267F25C82}.Debug|Any CPU.Build.0 = Debug|Any CPU
		{97F0F601-7A25-4002-978A-951267F25C82}.Release|Any CPU.ActiveCfg = Release|Any CPU
		{97F0F601-7A25-4002-978A-951267F25C82}.Release|Any CPU.Build.0 = Release|Any CPU
		{AFBA20A4-5845-48A1-819F-2CCF112206F5}.Debug|Any CPU.ActiveCfg = Debug|Any CPU
		{AFBA20A4-5845-48A1-819F-2CCF112206F5}.Debug|Any CPU.Build.0 = Debug|Any CPU
		{AFBA20A4-5845-48A1-819F-2CCF112206F5}.Release|Any CPU.ActiveCfg = Release|Any CPU
		{AFBA20A4-5845-48A1-819F-2CCF112206F5}.Release|Any CPU.Build.0 = Release|Any CPU
	EndGlobalSection
	GlobalSection(SolutionProperties) = preSolution
		HideSolutionNode = FALSE
	EndGlobalSection
	GlobalSection(NestedProjects) = preSolution
		{22AED1CD-E673-49B2-A097-9FD5CEACA7AD} = {08C3F81B-CB22-46D5-B01B-F787A6FD6F9E}
		{6279B3AD-943C-460E-A6EE-9158FE18E258} = {22AED1CD-E673-49B2-A097-9FD5CEACA7AD}
		{848532A3-EE27-4E16-9849-5832E7D01C6A} = {08C3F81B-CB22-46D5-B01B-F787A6FD6F9E}
		{AFBA20A4-5845-48A1-819F-2CCF112206F5} = {848532A3-EE27-4E16-9849-5832E7D01C6A}
	EndGlobalSection
	GlobalSection(ExtensibilityGlobals) = postSolution
		SolutionGuid = {10AECD30-354A-4659-A28A-2A57AB0C940F}
	EndGlobalSection
EndGlobal
